
Microsoft Visual Studio Solution File, Format Version 12.00
# Visual Studio 2012
Project("{FAE04EC0-301F-11D3-BF4B-00C04F79EFBC}") = "NYP02022017_2", "NYP02022017_2\NYP02022017_2.csproj", "{C2FCE134-3260-4F75-8ED7-96ECB074DA55}"
EndProject
Global
	GlobalSection(SolutionConfigurationPlatforms) = preSolution
		Debug|Any CPU = Debug|Any CPU
		Release|Any CPU = Release|Any CPU
	EndGlobalSection
	GlobalSection(ProjectConfigurationPlatforms) = postSolution
		{C2FCE134-3260-4F75-8ED7-96ECB074DA55}.Debug|Any CPU.ActiveCfg = Debug|Any CPU
		{C2FCE134-3260-4F75-8ED7-96ECB074DA55}.Debug|Any CPU.Build.0 = Debug|Any CPU
		{C2FCE134-3260-4F75-8ED7-96ECB074DA55}.Release|Any CPU.ActiveCfg = Release|Any CPU
		{C2FCE134-3260-4F75-8ED7-96ECB074DA55}.Release|Any CPU.Build.0 = Release|Any CPU
	EndGlobalSection
	GlobalSection(SolutionProperties) = preSolution
		HideSolutionNode = FALSE
	EndGlobalSection
EndGlobal
