
Microsoft Visual Studio Solution File, Format Version 12.00
# Visual Studio 2012
Project("{FAE04EC0-301F-11D3-BF4B-00C04F79EFBC}") = "OkulProjesiBO", "OkulProjesiBO\OkulProjesiBO.csproj", "{7F466B43-4B93-4E69-A494-C4539A281A33}"
EndProject
Global
	GlobalSection(SolutionConfigurationPlatforms) = preSolution
		Debug|Any CPU = Debug|Any CPU
		Release|Any CPU = Release|Any CPU
	EndGlobalSection
	GlobalSection(ProjectConfigurationPlatforms) = postSolution
		{7F466B43-4B93-4E69-A494-C4539A281A33}.Debug|Any CPU.ActiveCfg = Debug|Any CPU
		{7F466B43-4B93-4E69-A494-C4539A281A33}.Debug|Any CPU.Build.0 = Debug|Any CPU
		{7F466B43-4B93-4E69-A494-C4539A281A33}.Release|Any CPU.ActiveCfg = Release|Any CPU
		{7F466B43-4B93-4E69-A494-C4539A281A33}.Release|Any CPU.Build.0 = Release|Any CPU
	EndGlobalSection
	GlobalSection(SolutionProperties) = preSolution
		HideSolutionNode = FALSE
	EndGlobalSection
EndGlobal
