
Microsoft Visual Studio Solution File, Format Version 12.00
# Visual Studio 2012
Project("{FAE04EC0-301F-11D3-BF4B-00C04F79EFBC}") = "ArrayList2", "ArrayList2\ArrayList2.csproj", "{2BC31CA0-E8FF-42E2-8BA3-EB7C894BE8CC}"
EndProject
Global
	GlobalSection(SolutionConfigurationPlatforms) = preSolution
		Debug|Any CPU = Debug|Any CPU
		Release|Any CPU = Release|Any CPU
	EndGlobalSection
	GlobalSection(ProjectConfigurationPlatforms) = postSolution
		{2BC31CA0-E8FF-42E2-8BA3-EB7C894BE8CC}.Debug|Any CPU.ActiveCfg = Debug|Any CPU
		{2BC31CA0-E8FF-42E2-8BA3-EB7C894BE8CC}.Debug|Any CPU.Build.0 = Debug|Any CPU
		{2BC31CA0-E8FF-42E2-8BA3-EB7C894BE8CC}.Release|Any CPU.ActiveCfg = Release|Any CPU
		{2BC31CA0-E8FF-42E2-8BA3-EB7C894BE8CC}.Release|Any CPU.Build.0 = Release|Any CPU
	EndGlobalSection
	GlobalSection(SolutionProperties) = preSolution
		HideSolutionNode = FALSE
	EndGlobalSection
EndGlobal
