
Microsoft Visual Studio Solution File, Format Version 12.00
# Visual Studio 2012
Project("{FAE04EC0-301F-11D3-BF4B-00C04F79EFBC}") = "NYP02022017_3", "NYP02022017_3\NYP02022017_3.csproj", "{5C7C28C8-07BA-4515-97AC-4301C1BD5627}"
EndProject
Global
	GlobalSection(SolutionConfigurationPlatforms) = preSolution
		Debug|Any CPU = Debug|Any CPU
		Release|Any CPU = Release|Any CPU
	EndGlobalSection
	GlobalSection(ProjectConfigurationPlatforms) = postSolution
		{5C7C28C8-07BA-4515-97AC-4301C1BD5627}.Debug|Any CPU.ActiveCfg = Debug|Any CPU
		{5C7C28C8-07BA-4515-97AC-4301C1BD5627}.Debug|Any CPU.Build.0 = Debug|Any CPU
		{5C7C28C8-07BA-4515-97AC-4301C1BD5627}.Release|Any CPU.ActiveCfg = Release|Any CPU
		{5C7C28C8-07BA-4515-97AC-4301C1BD5627}.Release|Any CPU.Build.0 = Release|Any CPU
	EndGlobalSection
	GlobalSection(SolutionProperties) = preSolution
		HideSolutionNode = FALSE
	EndGlobalSection
EndGlobal
