
Microsoft Visual Studio Solution File, Format Version 12.00
# Visual Studio 2012
Project("{FAE04EC0-301F-11D3-BF4B-00C04F79EFBC}") = "OgrenciPaketlemeBO", "OgrenciPaketlemeBO\OgrenciPaketlemeBO.csproj", "{BF7676B9-2B3B-49C0-A3C2-C99642ACBE9B}"
EndProject
Global
	GlobalSection(SolutionConfigurationPlatforms) = preSolution
		Debug|Any CPU = Debug|Any CPU
		Release|Any CPU = Release|Any CPU
	EndGlobalSection
	GlobalSection(ProjectConfigurationPlatforms) = postSolution
		{BF7676B9-2B3B-49C0-A3C2-C99642ACBE9B}.Debug|Any CPU.ActiveCfg = Debug|Any CPU
		{BF7676B9-2B3B-49C0-A3C2-C99642ACBE9B}.Debug|Any CPU.Build.0 = Debug|Any CPU
		{BF7676B9-2B3B-49C0-A3C2-C99642ACBE9B}.Release|Any CPU.ActiveCfg = Release|Any CPU
		{BF7676B9-2B3B-49C0-A3C2-C99642ACBE9B}.Release|Any CPU.Build.0 = Release|Any CPU
	EndGlobalSection
	GlobalSection(SolutionProperties) = preSolution
		HideSolutionNode = FALSE
	EndGlobalSection
EndGlobal
